// !$*UTF8*$!
{
	archiveVersion = 1;
	classes = {
	};
	objectVersion = 46;
	objects = {

/* Begin PBXBuildFile section */
		570293581C8F21BE00589D30 /* UIAssets.m in Sources */ = {isa = PBXBuildFile; fileRef = 570293571C8F21BE00589D30 /* UIAssets.m */; };
		57087EFE1C59697300FA3ADC /* kColorConstants.m in Sources */ = {isa = PBXBuildFile; fileRef = 57087EFD1C59697300FA3ADC /* kColorConstants.m */; };
		57399A031C16CFAA00A85D5F /* RootNavigationController.m in Sources */ = {isa = PBXBuildFile; fileRef = 57399A021C16CFAA00A85D5F /* RootNavigationController.m */; };
		57399A061C16E39F00A85D5F /* NewsFeedViewController.m in Sources */ = {isa = PBXBuildFile; fileRef = 57399A051C16E39F00A85D5F /* NewsFeedViewController.m */; };
		57399A091C16E3D000A85D5F /* SearchViewController.m in Sources */ = {isa = PBXBuildFile; fileRef = 57399A081C16E3D000A85D5F /* SearchViewController.m */; };
		57399A0C1C16E3FA00A85D5F /* SettingsViewController.m in Sources */ = {isa = PBXBuildFile; fileRef = 57399A0B1C16E3FA00A85D5F /* SettingsViewController.m */; };
		57399A131C17480400A85D5F /* AddNewsViewController.m in Sources */ = {isa = PBXBuildFile; fileRef = 57399A121C17480400A85D5F /* AddNewsViewController.m */; };
		57399A311C17582D00A85D5F /* tab1Line.png in Resources */ = {isa = PBXBuildFile; fileRef = 57399A151C17582D00A85D5F /* tab1Line.png */; };
		57399A321C17582D00A85D5F /* tab1Line@2x.png in Resources */ = {isa = PBXBuildFile; fileRef = 57399A161C17582D00A85D5F /* tab1Line@2x.png */; };
		57399A331C17582D00A85D5F /* tab1Solid.png in Resources */ = {isa = PBXBuildFile; fileRef = 57399A171C17582D00A85D5F /* tab1Solid.png */; };
		57399A341C17582D00A85D5F /* tab1Solid@2x.png in Resources */ = {isa = PBXBuildFile; fileRef = 57399A181C17582D00A85D5F /* tab1Solid@2x.png */; };
		57399A351C17582D00A85D5F /* tab2Line.png in Resources */ = {isa = PBXBuildFile; fileRef = 57399A191C17582D00A85D5F /* tab2Line.png */; };
		57399A361C17582D00A85D5F /* tab2Line@2x.png in Resources */ = {isa = PBXBuildFile; fileRef = 57399A1A1C17582D00A85D5F /* tab2Line@2x.png */; };
		57399A371C17582D00A85D5F /* tab2Solid.png in Resources */ = {isa = PBXBuildFile; fileRef = 57399A1B1C17582D00A85D5F /* tab2Solid.png */; };
		57399A381C17582D00A85D5F /* tab2Solid@2x.png in Resources */ = {isa = PBXBuildFile; fileRef = 57399A1C1C17582D00A85D5F /* tab2Solid@2x.png */; };
		57399A391C17582D00A85D5F /* tab3Line.png in Resources */ = {isa = PBXBuildFile; fileRef = 57399A1D1C17582D00A85D5F /* tab3Line.png */; };
		57399A3A1C17582D00A85D5F /* tab3Line@2x.png in Resources */ = {isa = PBXBuildFile; fileRef = 57399A1E1C17582D00A85D5F /* tab3Line@2x.png */; };
		57399A3B1C17582D00A85D5F /* tab3Solid.png in Resources */ = {isa = PBXBuildFile; fileRef = 57399A1F1C17582D00A85D5F /* tab3Solid.png */; };
		57399A3C1C17582D00A85D5F /* tab3Solid@2x.png in Resources */ = {isa = PBXBuildFile; fileRef = 57399A201C17582D00A85D5F /* tab3Solid@2x.png */; };
		57399A3D1C17582D00A85D5F /* tab4Line.png in Resources */ = {isa = PBXBuildFile; fileRef = 57399A211C17582D00A85D5F /* tab4Line.png */; };
		57399A3E1C17582D00A85D5F /* tab4Line@2x.png in Resources */ = {isa = PBXBuildFile; fileRef = 57399A221C17582D00A85D5F /* tab4Line@2x.png */; };
		57399A3F1C17582D00A85D5F /* tab4Solid.png in Resources */ = {isa = PBXBuildFile; fileRef = 57399A231C17582D00A85D5F /* tab4Solid.png */; };
		57399A401C17582D00A85D5F /* tab4Solid@2x.png in Resources */ = {isa = PBXBuildFile; fileRef = 57399A241C17582D00A85D5F /* tab4Solid@2x.png */; };
		57399A411C17582D00A85D5F /* tab5Line.png in Resources */ = {isa = PBXBuildFile; fileRef = 57399A251C17582D00A85D5F /* tab5Line.png */; };
		57399A421C17582D00A85D5F /* tab5Line@2x.png in Resources */ = {isa = PBXBuildFile; fileRef = 57399A261C17582D00A85D5F /* tab5Line@2x.png */; };
		57399A431C17582D00A85D5F /* tab5Solid.png in Resources */ = {isa = PBXBuildFile; fileRef = 57399A271C17582D00A85D5F /* tab5Solid.png */; };
		57399A441C17582D00A85D5F /* tab5Solid@2x.png in Resources */ = {isa = PBXBuildFile; fileRef = 57399A281C17582D00A85D5F /* tab5Solid@2x.png */; };
		57399A451C17582D00A85D5F /* tab6Line.png in Resources */ = {isa = PBXBuildFile; fileRef = 57399A291C17582D00A85D5F /* tab6Line.png */; };
		57399A461C17582D00A85D5F /* tab6Line@2x.png in Resources */ = {isa = PBXBuildFile; fileRef = 57399A2A1C17582D00A85D5F /* tab6Line@2x.png */; };
		57399A471C17582D00A85D5F /* tab6Solid.png in Resources */ = {isa = PBXBuildFile; fileRef = 57399A2B1C17582D00A85D5F /* tab6Solid.png */; };
		57399A481C17582D00A85D5F /* tab6Solid@2x.png in Resources */ = {isa = PBXBuildFile; fileRef = 57399A2C1C17582D00A85D5F /* tab6Solid@2x.png */; };
		57399A491C17582D00A85D5F /* tab7Line.png in Resources */ = {isa = PBXBuildFile; fileRef = 57399A2D1C17582D00A85D5F /* tab7Line.png */; };
		57399A4A1C17582D00A85D5F /* tab7Line@2x.png in Resources */ = {isa = PBXBuildFile; fileRef = 57399A2E1C17582D00A85D5F /* tab7Line@2x.png */; };
		57399A4B1C17582D00A85D5F /* tab7Solid.png in Resources */ = {isa = PBXBuildFile; fileRef = 57399A2F1C17582D00A85D5F /* tab7Solid.png */; };
		57399A4C1C17582D00A85D5F /* tab7Solid@2x.png in Resources */ = {isa = PBXBuildFile; fileRef = 57399A301C17582D00A85D5F /* tab7Solid@2x.png */; };
		57399A4E1C17965700A85D5F /* Settings 3 Filled-25.png in Resources */ = {isa = PBXBuildFile; fileRef = 57399A4D1C17965600A85D5F /* Settings 3 Filled-25.png */; };
		574ACF981C3DA9EF00D4F6CF /* QuartzCore.framework in Frameworks */ = {isa = PBXBuildFile; fileRef = 574ACF971C3DA9EF00D4F6CF /* QuartzCore.framework */; };
		576F41321C19265D00477D49 /* WebArticleViewController.m in Sources */ = {isa = PBXBuildFile; fileRef = 576F41311C19265C00477D49 /* WebArticleViewController.m */; };
		576F41351C19401700477D49 /* SignupViewController.m in Sources */ = {isa = PBXBuildFile; fileRef = 576F41341C19401700477D49 /* SignupViewController.m */; };
		576F41381C19404000477D49 /* LoginViewController.m in Sources */ = {isa = PBXBuildFile; fileRef = 576F41371C19404000477D49 /* LoginViewController.m */; };
		576F413D1C19414C00477D49 /* BackendFunctions.m in Sources */ = {isa = PBXBuildFile; fileRef = 576F413C1C19414C00477D49 /* BackendFunctions.m */; };
		576F41491C19462000477D49 /* Article.m in Sources */ = {isa = PBXBuildFile; fileRef = 576F41481C19462000477D49 /* Article.m */; };
		576F414C1C19478A00477D49 /* User.m in Sources */ = {isa = PBXBuildFile; fileRef = 576F414B1C19478A00477D49 /* User.m */; };
		576F414F1C198F5A00477D49 /* MaybeMethods.m in Sources */ = {isa = PBXBuildFile; fileRef = 576F414E1C198F5A00477D49 /* MaybeMethods.m */; };
		5794A4F01C2F95B4007CB04A /* ArticleTableViewCell.m in Sources */ = {isa = PBXBuildFile; fileRef = 5794A4EF1C2F95B4007CB04A /* ArticleTableViewCell.m */; };
		57BAE9E51C043E8400DE8AE0 /* main.m in Sources */ = {isa = PBXBuildFile; fileRef = 57BAE9E41C043E8400DE8AE0 /* main.m */; };
		57BAE9E81C043E8400DE8AE0 /* AppDelegate.m in Sources */ = {isa = PBXBuildFile; fileRef = 57BAE9E71C043E8400DE8AE0 /* AppDelegate.m */; };
		57BAE9EB1C043E8400DE8AE0 /* DailyRitualViewController.m in Sources */ = {isa = PBXBuildFile; fileRef = 57BAE9EA1C043E8400DE8AE0 /* DailyRitualViewController.m */; };
		57BAE9EE1C043E8400DE8AE0 /* Main.storyboard in Resources */ = {isa = PBXBuildFile; fileRef = 57BAE9EC1C043E8400DE8AE0 /* Main.storyboard */; };
		57BAE9F01C043E8500DE8AE0 /* Images.xcassets in Resources */ = {isa = PBXBuildFile; fileRef = 57BAE9EF1C043E8500DE8AE0 /* Images.xcassets */; };
		57BAE9F31C043E8500DE8AE0 /* LaunchScreen.xib in Resources */ = {isa = PBXBuildFile; fileRef = 57BAE9F11C043E8500DE8AE0 /* LaunchScreen.xib */; };
		57BAE9FF1C043E8500DE8AE0 /* ProjectRelayTests.m in Sources */ = {isa = PBXBuildFile; fileRef = 57BAE9FE1C043E8500DE8AE0 /* ProjectRelayTests.m */; };
		57E24B661C1E4F8A0094E105 /* PrivacyViewController.m in Sources */ = {isa = PBXBuildFile; fileRef = 57E24B651C1E4F8A0094E105 /* PrivacyViewController.m */; };
		57E24B691C1E4FA90094E105 /* EditProfileViewController.m in Sources */ = {isa = PBXBuildFile; fileRef = 57E24B681C1E4FA90094E105 /* EditProfileViewController.m */; };
		57E941081C47487700612F43 /* CommentCell.m in Sources */ = {isa = PBXBuildFile; fileRef = 57E941071C47487700612F43 /* CommentCell.m */; };
		57F13AAC1C3866D000A7B5A8 /* InitalViewController.m in Sources */ = {isa = PBXBuildFile; fileRef = 57F13AAB1C3866D000A7B5A8 /* InitalViewController.m */; };
		85084DE15969A6B585D233D1 /* libPods-ProjectRelay.a in Frameworks */ = {isa = PBXBuildFile; fileRef = B28A2C3799CA9495E27A8C5B /* libPods-ProjectRelay.a */; };
		E141FD871C7C125600DF1498 /* tabBarController.m in Sources */ = {isa = PBXBuildFile; fileRef = E141FD861C7C125600DF1498 /* tabBarController.m */; };
		E190CD8F1C66638C00639992 /* ProfileViewController.m in Sources */ = {isa = PBXBuildFile; fileRef = E190CD8E1C66638C00639992 /* ProfileViewController.m */; };
/* End PBXBuildFile section */

/* Begin PBXContainerItemProxy section */
		57BAE9F91C043E8500DE8AE0 /* PBXContainerItemProxy */ = {
			isa = PBXContainerItemProxy;
			containerPortal = 57BAE9D71C043E8200DE8AE0 /* Project object */;
			proxyType = 1;
			remoteGlobalIDString = 57BAE9DE1C043E8300DE8AE0;
			remoteInfo = ProjectRelay;
		};
/* End PBXContainerItemProxy section */

/* Begin PBXFileReference section */
		5375BC00E77A48DDD5D6BD03 /* Pods-ProjectRelay.release.xcconfig */ = {isa = PBXFileReference; includeInIndex = 1; lastKnownFileType = text.xcconfig; name = "Pods-ProjectRelay.release.xcconfig"; path = "Pods/Target Support Files/Pods-ProjectRelay/Pods-ProjectRelay.release.xcconfig"; sourceTree = "<group>"; };
		570293561C8F21BE00589D30 /* UIAssets.h */ = {isa = PBXFileReference; fileEncoding = 4; lastKnownFileType = sourcecode.c.h; path = UIAssets.h; sourceTree = "<group>"; };
		570293571C8F21BE00589D30 /* UIAssets.m */ = {isa = PBXFileReference; fileEncoding = 4; lastKnownFileType = sourcecode.c.objc; path = UIAssets.m; sourceTree = "<group>"; };
		57087EFC1C59697300FA3ADC /* kColorConstants.h */ = {isa = PBXFileReference; fileEncoding = 4; lastKnownFileType = sourcecode.c.h; name = kColorConstants.h; path = ProjectRelay/kColorConstants.h; sourceTree = "<group>"; };
		57087EFD1C59697300FA3ADC /* kColorConstants.m */ = {isa = PBXFileReference; fileEncoding = 4; lastKnownFileType = sourcecode.c.objc; name = kColorConstants.m; path = ProjectRelay/kColorConstants.m; sourceTree = "<group>"; };
		57399A011C16CFAA00A85D5F /* RootNavigationController.h */ = {isa = PBXFileReference; fileEncoding = 4; lastKnownFileType = sourcecode.c.h; path = RootNavigationController.h; sourceTree = "<group>"; };
		57399A021C16CFAA00A85D5F /* RootNavigationController.m */ = {isa = PBXFileReference; fileEncoding = 4; lastKnownFileType = sourcecode.c.objc; path = RootNavigationController.m; sourceTree = "<group>"; };
		57399A041C16E39F00A85D5F /* NewsFeedViewController.h */ = {isa = PBXFileReference; fileEncoding = 4; lastKnownFileType = sourcecode.c.h; path = NewsFeedViewController.h; sourceTree = "<group>"; };
		57399A051C16E39F00A85D5F /* NewsFeedViewController.m */ = {isa = PBXFileReference; fileEncoding = 4; lastKnownFileType = sourcecode.c.objc; path = NewsFeedViewController.m; sourceTree = "<group>"; };
		57399A071C16E3D000A85D5F /* SearchViewController.h */ = {isa = PBXFileReference; fileEncoding = 4; lastKnownFileType = sourcecode.c.h; path = SearchViewController.h; sourceTree = "<group>"; };
		57399A081C16E3D000A85D5F /* SearchViewController.m */ = {isa = PBXFileReference; fileEncoding = 4; lastKnownFileType = sourcecode.c.objc; path = SearchViewController.m; sourceTree = "<group>"; };
		57399A0A1C16E3FA00A85D5F /* SettingsViewController.h */ = {isa = PBXFileReference; fileEncoding = 4; lastKnownFileType = sourcecode.c.h; path = SettingsViewController.h; sourceTree = "<group>"; };
		57399A0B1C16E3FA00A85D5F /* SettingsViewController.m */ = {isa = PBXFileReference; fileEncoding = 4; lastKnownFileType = sourcecode.c.objc; path = SettingsViewController.m; sourceTree = "<group>"; };
		57399A111C17480400A85D5F /* AddNewsViewController.h */ = {isa = PBXFileReference; fileEncoding = 4; lastKnownFileType = sourcecode.c.h; path = AddNewsViewController.h; sourceTree = "<group>"; };
		57399A121C17480400A85D5F /* AddNewsViewController.m */ = {isa = PBXFileReference; fileEncoding = 4; lastKnownFileType = sourcecode.c.objc; path = AddNewsViewController.m; sourceTree = "<group>"; };
		57399A151C17582D00A85D5F /* tab1Line.png */ = {isa = PBXFileReference; lastKnownFileType = image.png; path = tab1Line.png; sourceTree = "<group>"; };
		57399A161C17582D00A85D5F /* tab1Line@2x.png */ = {isa = PBXFileReference; lastKnownFileType = image.png; path = "tab1Line@2x.png"; sourceTree = "<group>"; };
		57399A171C17582D00A85D5F /* tab1Solid.png */ = {isa = PBXFileReference; lastKnownFileType = image.png; path = tab1Solid.png; sourceTree = "<group>"; };
		57399A181C17582D00A85D5F /* tab1Solid@2x.png */ = {isa = PBXFileReference; lastKnownFileType = image.png; path = "tab1Solid@2x.png"; sourceTree = "<group>"; };
		57399A191C17582D00A85D5F /* tab2Line.png */ = {isa = PBXFileReference; lastKnownFileType = image.png; path = tab2Line.png; sourceTree = "<group>"; };
		57399A1A1C17582D00A85D5F /* tab2Line@2x.png */ = {isa = PBXFileReference; lastKnownFileType = image.png; path = "tab2Line@2x.png"; sourceTree = "<group>"; };
		57399A1B1C17582D00A85D5F /* tab2Solid.png */ = {isa = PBXFileReference; lastKnownFileType = image.png; path = tab2Solid.png; sourceTree = "<group>"; };
		57399A1C1C17582D00A85D5F /* tab2Solid@2x.png */ = {isa = PBXFileReference; lastKnownFileType = image.png; path = "tab2Solid@2x.png"; sourceTree = "<group>"; };
		57399A1D1C17582D00A85D5F /* tab3Line.png */ = {isa = PBXFileReference; lastKnownFileType = image.png; path = tab3Line.png; sourceTree = "<group>"; };
		57399A1E1C17582D00A85D5F /* tab3Line@2x.png */ = {isa = PBXFileReference; lastKnownFileType = image.png; path = "tab3Line@2x.png"; sourceTree = "<group>"; };
		57399A1F1C17582D00A85D5F /* tab3Solid.png */ = {isa = PBXFileReference; lastKnownFileType = image.png; path = tab3Solid.png; sourceTree = "<group>"; };
		57399A201C17582D00A85D5F /* tab3Solid@2x.png */ = {isa = PBXFileReference; lastKnownFileType = image.png; path = "tab3Solid@2x.png"; sourceTree = "<group>"; };
		57399A211C17582D00A85D5F /* tab4Line.png */ = {isa = PBXFileReference; lastKnownFileType = image.png; path = tab4Line.png; sourceTree = "<group>"; };
		57399A221C17582D00A85D5F /* tab4Line@2x.png */ = {isa = PBXFileReference; lastKnownFileType = image.png; path = "tab4Line@2x.png"; sourceTree = "<group>"; };
		57399A231C17582D00A85D5F /* tab4Solid.png */ = {isa = PBXFileReference; lastKnownFileType = image.png; path = tab4Solid.png; sourceTree = "<group>"; };
		57399A241C17582D00A85D5F /* tab4Solid@2x.png */ = {isa = PBXFileReference; lastKnownFileType = image.png; path = "tab4Solid@2x.png"; sourceTree = "<group>"; };
		57399A251C17582D00A85D5F /* tab5Line.png */ = {isa = PBXFileReference; lastKnownFileType = image.png; path = tab5Line.png; sourceTree = "<group>"; };
		57399A261C17582D00A85D5F /* tab5Line@2x.png */ = {isa = PBXFileReference; lastKnownFileType = image.png; path = "tab5Line@2x.png"; sourceTree = "<group>"; };
		57399A271C17582D00A85D5F /* tab5Solid.png */ = {isa = PBXFileReference; lastKnownFileType = image.png; path = tab5Solid.png; sourceTree = "<group>"; };
		57399A281C17582D00A85D5F /* tab5Solid@2x.png */ = {isa = PBXFileReference; lastKnownFileType = image.png; path = "tab5Solid@2x.png"; sourceTree = "<group>"; };
		57399A291C17582D00A85D5F /* tab6Line.png */ = {isa = PBXFileReference; lastKnownFileType = image.png; path = tab6Line.png; sourceTree = "<group>"; };
		57399A2A1C17582D00A85D5F /* tab6Line@2x.png */ = {isa = PBXFileReference; lastKnownFileType = image.png; path = "tab6Line@2x.png"; sourceTree = "<group>"; };
		57399A2B1C17582D00A85D5F /* tab6Solid.png */ = {isa = PBXFileReference; lastKnownFileType = image.png; path = tab6Solid.png; sourceTree = "<group>"; };
		57399A2C1C17582D00A85D5F /* tab6Solid@2x.png */ = {isa = PBXFileReference; lastKnownFileType = image.png; path = "tab6Solid@2x.png"; sourceTree = "<group>"; };
		57399A2D1C17582D00A85D5F /* tab7Line.png */ = {isa = PBXFileReference; lastKnownFileType = image.png; path = tab7Line.png; sourceTree = "<group>"; };
		57399A2E1C17582D00A85D5F /* tab7Line@2x.png */ = {isa = PBXFileReference; lastKnownFileType = image.png; path = "tab7Line@2x.png"; sourceTree = "<group>"; };
		57399A2F1C17582D00A85D5F /* tab7Solid.png */ = {isa = PBXFileReference; lastKnownFileType = image.png; path = tab7Solid.png; sourceTree = "<group>"; };
		57399A301C17582D00A85D5F /* tab7Solid@2x.png */ = {isa = PBXFileReference; lastKnownFileType = image.png; path = "tab7Solid@2x.png"; sourceTree = "<group>"; };
		57399A4D1C17965600A85D5F /* Settings 3 Filled-25.png */ = {isa = PBXFileReference; lastKnownFileType = image.png; path = "Settings 3 Filled-25.png"; sourceTree = "<group>"; };
		574ACF971C3DA9EF00D4F6CF /* QuartzCore.framework */ = {isa = PBXFileReference; lastKnownFileType = wrapper.framework; name = QuartzCore.framework; path = System/Library/Frameworks/QuartzCore.framework; sourceTree = SDKROOT; };
		576F41301C19265C00477D49 /* WebArticleViewController.h */ = {isa = PBXFileReference; fileEncoding = 4; lastKnownFileType = sourcecode.c.h; path = WebArticleViewController.h; sourceTree = "<group>"; };
		576F41311C19265C00477D49 /* WebArticleViewController.m */ = {isa = PBXFileReference; fileEncoding = 4; lastKnownFileType = sourcecode.c.objc; path = WebArticleViewController.m; sourceTree = "<group>"; };
		576F41331C19401700477D49 /* SignupViewController.h */ = {isa = PBXFileReference; fileEncoding = 4; lastKnownFileType = sourcecode.c.h; path = SignupViewController.h; sourceTree = "<group>"; };
		576F41341C19401700477D49 /* SignupViewController.m */ = {isa = PBXFileReference; fileEncoding = 4; lastKnownFileType = sourcecode.c.objc; path = SignupViewController.m; sourceTree = "<group>"; };
		576F41361C19404000477D49 /* LoginViewController.h */ = {isa = PBXFileReference; fileEncoding = 4; lastKnownFileType = sourcecode.c.h; name = LoginViewController.h; path = ../LoginViewController.h; sourceTree = "<group>"; };
		576F41371C19404000477D49 /* LoginViewController.m */ = {isa = PBXFileReference; fileEncoding = 4; lastKnownFileType = sourcecode.c.objc; name = LoginViewController.m; path = ../LoginViewController.m; sourceTree = "<group>"; };
		576F413B1C19414C00477D49 /* BackendFunctions.h */ = {isa = PBXFileReference; fileEncoding = 4; lastKnownFileType = sourcecode.c.h; name = BackendFunctions.h; path = ProjectRelay/BackendFunctions.h; sourceTree = "<group>"; };
		576F413C1C19414C00477D49 /* BackendFunctions.m */ = {isa = PBXFileReference; fileEncoding = 4; lastKnownFileType = sourcecode.c.objc; name = BackendFunctions.m; path = ProjectRelay/BackendFunctions.m; sourceTree = "<group>"; };
		576F41471C19462000477D49 /* Article.h */ = {isa = PBXFileReference; fileEncoding = 4; lastKnownFileType = sourcecode.c.h; path = Article.h; sourceTree = "<group>"; };
		576F41481C19462000477D49 /* Article.m */ = {isa = PBXFileReference; fileEncoding = 4; lastKnownFileType = sourcecode.c.objc; path = Article.m; sourceTree = "<group>"; };
		576F414A1C19478A00477D49 /* User.h */ = {isa = PBXFileReference; fileEncoding = 4; lastKnownFileType = sourcecode.c.h; path = User.h; sourceTree = "<group>"; };
		576F414B1C19478A00477D49 /* User.m */ = {isa = PBXFileReference; fileEncoding = 4; lastKnownFileType = sourcecode.c.objc; path = User.m; sourceTree = "<group>"; };
		576F414D1C198F5A00477D49 /* MaybeMethods.h */ = {isa = PBXFileReference; fileEncoding = 4; lastKnownFileType = sourcecode.c.h; name = MaybeMethods.h; path = ProjectRelay/MaybeMethods.h; sourceTree = "<group>"; };
		576F414E1C198F5A00477D49 /* MaybeMethods.m */ = {isa = PBXFileReference; fileEncoding = 4; lastKnownFileType = sourcecode.c.objc; name = MaybeMethods.m; path = ProjectRelay/MaybeMethods.m; sourceTree = "<group>"; };
		5794A4EE1C2F95B4007CB04A /* ArticleTableViewCell.h */ = {isa = PBXFileReference; fileEncoding = 4; lastKnownFileType = sourcecode.c.h; path = ArticleTableViewCell.h; sourceTree = "<group>"; };
		5794A4EF1C2F95B4007CB04A /* ArticleTableViewCell.m */ = {isa = PBXFileReference; fileEncoding = 4; lastKnownFileType = sourcecode.c.objc; path = ArticleTableViewCell.m; sourceTree = "<group>"; };
		57BAE9DF1C043E8400DE8AE0 /* ProjectRelay.app */ = {isa = PBXFileReference; explicitFileType = wrapper.application; includeInIndex = 0; path = ProjectRelay.app; sourceTree = BUILT_PRODUCTS_DIR; };
		57BAE9E31C043E8400DE8AE0 /* Info.plist */ = {isa = PBXFileReference; lastKnownFileType = text.plist.xml; path = Info.plist; sourceTree = "<group>"; };
		57BAE9E41C043E8400DE8AE0 /* main.m */ = {isa = PBXFileReference; lastKnownFileType = sourcecode.c.objc; path = main.m; sourceTree = "<group>"; };
		57BAE9E61C043E8400DE8AE0 /* AppDelegate.h */ = {isa = PBXFileReference; lastKnownFileType = sourcecode.c.h; path = AppDelegate.h; sourceTree = "<group>"; };
		57BAE9E71C043E8400DE8AE0 /* AppDelegate.m */ = {isa = PBXFileReference; lastKnownFileType = sourcecode.c.objc; path = AppDelegate.m; sourceTree = "<group>"; };
		57BAE9E91C043E8400DE8AE0 /* DailyRitualViewController.h */ = {isa = PBXFileReference; lastKnownFileType = sourcecode.c.h; path = DailyRitualViewController.h; sourceTree = "<group>"; };
		57BAE9EA1C043E8400DE8AE0 /* DailyRitualViewController.m */ = {isa = PBXFileReference; lastKnownFileType = sourcecode.c.objc; path = DailyRitualViewController.m; sourceTree = "<group>"; };
		57BAE9ED1C043E8400DE8AE0 /* Base */ = {isa = PBXFileReference; lastKnownFileType = file.storyboard; name = Base; path = Base.lproj/Main.storyboard; sourceTree = "<group>"; };
		57BAE9EF1C043E8500DE8AE0 /* Images.xcassets */ = {isa = PBXFileReference; lastKnownFileType = folder.assetcatalog; path = Images.xcassets; sourceTree = "<group>"; };
		57BAE9F21C043E8500DE8AE0 /* Base */ = {isa = PBXFileReference; lastKnownFileType = file.xib; name = Base; path = Base.lproj/LaunchScreen.xib; sourceTree = "<group>"; };
		57BAE9F81C043E8500DE8AE0 /* ProjectRelayTests.xctest */ = {isa = PBXFileReference; explicitFileType = wrapper.cfbundle; includeInIndex = 0; path = ProjectRelayTests.xctest; sourceTree = BUILT_PRODUCTS_DIR; };
		57BAE9FD1C043E8500DE8AE0 /* Info.plist */ = {isa = PBXFileReference; lastKnownFileType = text.plist.xml; path = Info.plist; sourceTree = "<group>"; };
		57BAE9FE1C043E8500DE8AE0 /* ProjectRelayTests.m */ = {isa = PBXFileReference; lastKnownFileType = sourcecode.c.objc; path = ProjectRelayTests.m; sourceTree = "<group>"; };
		57E24B641C1E4F8A0094E105 /* PrivacyViewController.h */ = {isa = PBXFileReference; fileEncoding = 4; lastKnownFileType = sourcecode.c.h; path = PrivacyViewController.h; sourceTree = "<group>"; };
		57E24B651C1E4F8A0094E105 /* PrivacyViewController.m */ = {isa = PBXFileReference; fileEncoding = 4; lastKnownFileType = sourcecode.c.objc; path = PrivacyViewController.m; sourceTree = "<group>"; };
		57E24B671C1E4FA90094E105 /* EditProfileViewController.h */ = {isa = PBXFileReference; fileEncoding = 4; lastKnownFileType = sourcecode.c.h; path = EditProfileViewController.h; sourceTree = "<group>"; };
		57E24B681C1E4FA90094E105 /* EditProfileViewController.m */ = {isa = PBXFileReference; fileEncoding = 4; lastKnownFileType = sourcecode.c.objc; path = EditProfileViewController.m; sourceTree = "<group>"; };
		57E941061C47487700612F43 /* CommentCell.h */ = {isa = PBXFileReference; fileEncoding = 4; lastKnownFileType = sourcecode.c.h; path = CommentCell.h; sourceTree = "<group>"; };
		57E941071C47487700612F43 /* CommentCell.m */ = {isa = PBXFileReference; fileEncoding = 4; lastKnownFileType = sourcecode.c.objc; path = CommentCell.m; sourceTree = "<group>"; };
		57F13AAA1C3866D000A7B5A8 /* InitalViewController.h */ = {isa = PBXFileReference; fileEncoding = 4; lastKnownFileType = sourcecode.c.h; path = InitalViewController.h; sourceTree = "<group>"; };
		57F13AAB1C3866D000A7B5A8 /* InitalViewController.m */ = {isa = PBXFileReference; fileEncoding = 4; lastKnownFileType = sourcecode.c.objc; path = InitalViewController.m; sourceTree = "<group>"; };
		9336555E0D760AA1D309F0F7 /* Pods-ProjectRelay.debug.xcconfig */ = {isa = PBXFileReference; includeInIndex = 1; lastKnownFileType = text.xcconfig; name = "Pods-ProjectRelay.debug.xcconfig"; path = "Pods/Target Support Files/Pods-ProjectRelay/Pods-ProjectRelay.debug.xcconfig"; sourceTree = "<group>"; };
		B28A2C3799CA9495E27A8C5B /* libPods-ProjectRelay.a */ = {isa = PBXFileReference; explicitFileType = archive.ar; includeInIndex = 0; path = "libPods-ProjectRelay.a"; sourceTree = BUILT_PRODUCTS_DIR; };
		E141FD851C7C125600DF1498 /* tabBarController.h */ = {isa = PBXFileReference; fileEncoding = 4; lastKnownFileType = sourcecode.c.h; path = tabBarController.h; sourceTree = "<group>"; };
		E141FD861C7C125600DF1498 /* tabBarController.m */ = {isa = PBXFileReference; fileEncoding = 4; lastKnownFileType = sourcecode.c.objc; path = tabBarController.m; sourceTree = "<group>"; };
		E190CD8D1C66638C00639992 /* ProfileViewController.h */ = {isa = PBXFileReference; fileEncoding = 4; lastKnownFileType = sourcecode.c.h; path = ProfileViewController.h; sourceTree = "<group>"; };
		E190CD8E1C66638C00639992 /* ProfileViewController.m */ = {isa = PBXFileReference; fileEncoding = 4; lastKnownFileType = sourcecode.c.objc; path = ProfileViewController.m; sourceTree = "<group>"; };
/* End PBXFileReference section */

/* Begin PBXFrameworksBuildPhase section */
		57BAE9DC1C043E8300DE8AE0 /* Frameworks */ = {
			isa = PBXFrameworksBuildPhase;
			buildActionMask = 2147483647;
			files = (
				574ACF981C3DA9EF00D4F6CF /* QuartzCore.framework in Frameworks */,
				85084DE15969A6B585D233D1 /* libPods-ProjectRelay.a in Frameworks */,
			);
			runOnlyForDeploymentPostprocessing = 0;
		};
		57BAE9F51C043E8500DE8AE0 /* Frameworks */ = {
			isa = PBXFrameworksBuildPhase;
			buildActionMask = 2147483647;
			files = (
			);
			runOnlyForDeploymentPostprocessing = 0;
		};
/* End PBXFrameworksBuildPhase section */

/* Begin PBXGroup section */
		57399A0D1C16E43100A85D5F /* ViewControllers */ = {
			isa = PBXGroup;
			children = (
				576F41391C19407200477D49 /* Signup & Login */,
				576F413A1C19409400477D49 /* Logic */,
			);
			name = ViewControllers;
			sourceTree = "<group>";
		};
		57399A0E1C16E44800A85D5F /* NavigationControllers */ = {
			isa = PBXGroup;
			children = (
				57399A011C16CFAA00A85D5F /* RootNavigationController.h */,
				57399A021C16CFAA00A85D5F /* RootNavigationController.m */,
			);
			name = NavigationControllers;
			sourceTree = "<group>";
		};
		57399A0F1C16E45900A85D5F /* Models */ = {
			isa = PBXGroup;
			children = (
				5794A4EE1C2F95B4007CB04A /* ArticleTableViewCell.h */,
				5794A4EF1C2F95B4007CB04A /* ArticleTableViewCell.m */,
				57E941061C47487700612F43 /* CommentCell.h */,
				57E941071C47487700612F43 /* CommentCell.m */,
				576F414A1C19478A00477D49 /* User.h */,
				576F414B1C19478A00477D49 /* User.m */,
				576F41471C19462000477D49 /* Article.h */,
				576F41481C19462000477D49 /* Article.m */,
				E141FD851C7C125600DF1498 /* tabBarController.h */,
				E141FD861C7C125600DF1498 /* tabBarController.m */,
			);
			name = Models;
			sourceTree = "<group>";
		};
		57399A101C16E49A00A85D5F /* HelperFiles */ = {
			isa = PBXGroup;
			children = (
				57087EFC1C59697300FA3ADC /* kColorConstants.h */,
				57087EFD1C59697300FA3ADC /* kColorConstants.m */,
				576F413B1C19414C00477D49 /* BackendFunctions.h */,
				576F413C1C19414C00477D49 /* BackendFunctions.m */,
				570293561C8F21BE00589D30 /* UIAssets.h */,
				570293571C8F21BE00589D30 /* UIAssets.m */,
				576F414D1C198F5A00477D49 /* MaybeMethods.h */,
				576F414E1C198F5A00477D49 /* MaybeMethods.m */,
			);
			name = HelperFiles;
			path = ..;
			sourceTree = "<group>";
		};
		57399A141C17576400A85D5F /* Images */ = {
			isa = PBXGroup;
			children = (
				57399A4D1C17965600A85D5F /* Settings 3 Filled-25.png */,
				57399A151C17582D00A85D5F /* tab1Line.png */,
				57399A161C17582D00A85D5F /* tab1Line@2x.png */,
				57399A171C17582D00A85D5F /* tab1Solid.png */,
				57399A181C17582D00A85D5F /* tab1Solid@2x.png */,
				57399A191C17582D00A85D5F /* tab2Line.png */,
				57399A1A1C17582D00A85D5F /* tab2Line@2x.png */,
				57399A1B1C17582D00A85D5F /* tab2Solid.png */,
				57399A1C1C17582D00A85D5F /* tab2Solid@2x.png */,
				57399A1D1C17582D00A85D5F /* tab3Line.png */,
				57399A1E1C17582D00A85D5F /* tab3Line@2x.png */,
				57399A1F1C17582D00A85D5F /* tab3Solid.png */,
				57399A201C17582D00A85D5F /* tab3Solid@2x.png */,
				57399A211C17582D00A85D5F /* tab4Line.png */,
				57399A221C17582D00A85D5F /* tab4Line@2x.png */,
				57399A231C17582D00A85D5F /* tab4Solid.png */,
				57399A241C17582D00A85D5F /* tab4Solid@2x.png */,
				57399A251C17582D00A85D5F /* tab5Line.png */,
				57399A261C17582D00A85D5F /* tab5Line@2x.png */,
				57399A271C17582D00A85D5F /* tab5Solid.png */,
				57399A281C17582D00A85D5F /* tab5Solid@2x.png */,
				57399A291C17582D00A85D5F /* tab6Line.png */,
				57399A2A1C17582D00A85D5F /* tab6Line@2x.png */,
				57399A2B1C17582D00A85D5F /* tab6Solid.png */,
				57399A2C1C17582D00A85D5F /* tab6Solid@2x.png */,
				57399A2D1C17582D00A85D5F /* tab7Line.png */,
				57399A2E1C17582D00A85D5F /* tab7Line@2x.png */,
				57399A2F1C17582D00A85D5F /* tab7Solid.png */,
				57399A301C17582D00A85D5F /* tab7Solid@2x.png */,
			);
			name = Images;
			sourceTree = "<group>";
		};
		576F41391C19407200477D49 /* Signup & Login */ = {
			isa = PBXGroup;
			children = (
				57F13AAA1C3866D000A7B5A8 /* InitalViewController.h */,
				57F13AAB1C3866D000A7B5A8 /* InitalViewController.m */,
				576F41331C19401700477D49 /* SignupViewController.h */,
				576F41341C19401700477D49 /* SignupViewController.m */,
				576F41361C19404000477D49 /* LoginViewController.h */,
				576F41371C19404000477D49 /* LoginViewController.m */,
			);
			name = "Signup & Login";
			sourceTree = "<group>";
		};
		576F413A1C19409400477D49 /* Logic */ = {
			isa = PBXGroup;
			children = (
				57E24B5E1C1E4D420094E105 /* News ViewControllers */,
				57E24B5F1C1E4D550094E105 /* Ritual ViewControllers */,
				57E24B601C1E4D700094E105 /* Search ViewControllers */,
				57E24B611C1E4D820094E105 /* Settings ViewControllers */,
			);
			name = Logic;
			sourceTree = "<group>";
		};
		57BAE9D61C043E8200DE8AE0 = {
			isa = PBXGroup;
			children = (
				57BAE9E11C043E8400DE8AE0 /* ProjectRelay */,
				57BAE9FB1C043E8500DE8AE0 /* ProjectRelayTests */,
				57BAE9E01C043E8400DE8AE0 /* Products */,
				776830543BAEF27572941690 /* Pods */,
				C674A9F5D8054E575EEF7FBF /* Frameworks */,
			);
			sourceTree = "<group>";
		};
		57BAE9E01C043E8400DE8AE0 /* Products */ = {
			isa = PBXGroup;
			children = (
				57BAE9DF1C043E8400DE8AE0 /* ProjectRelay.app */,
				57BAE9F81C043E8500DE8AE0 /* ProjectRelayTests.xctest */,
			);
			name = Products;
			sourceTree = "<group>";
		};
		57BAE9E11C043E8400DE8AE0 /* ProjectRelay */ = {
			isa = PBXGroup;
			children = (
				57E24B631C1E4DE40094E105 /* App Delegate */,
				57399A0E1C16E44800A85D5F /* NavigationControllers */,
				57399A0D1C16E43100A85D5F /* ViewControllers */,
				57E24B621C1E4DC90094E105 /* Storyboard & Images */,
				57399A0F1C16E45900A85D5F /* Models */,
				57399A101C16E49A00A85D5F /* HelperFiles */,
				57BAE9E21C043E8400DE8AE0 /* Supporting Files */,
			);
			path = ProjectRelay;
			sourceTree = "<group>";
		};
		57BAE9E21C043E8400DE8AE0 /* Supporting Files */ = {
			isa = PBXGroup;
			children = (
				57BAE9E31C043E8400DE8AE0 /* Info.plist */,
				57BAE9E41C043E8400DE8AE0 /* main.m */,
			);
			name = "Supporting Files";
			sourceTree = "<group>";
		};
		57BAE9FB1C043E8500DE8AE0 /* ProjectRelayTests */ = {
			isa = PBXGroup;
			children = (
				57BAE9FE1C043E8500DE8AE0 /* ProjectRelayTests.m */,
				57BAE9FC1C043E8500DE8AE0 /* Supporting Files */,
			);
			path = ProjectRelayTests;
			sourceTree = "<group>";
		};
		57BAE9FC1C043E8500DE8AE0 /* Supporting Files */ = {
			isa = PBXGroup;
			children = (
				57BAE9FD1C043E8500DE8AE0 /* Info.plist */,
			);
			name = "Supporting Files";
			sourceTree = "<group>";
		};
		57E24B5E1C1E4D420094E105 /* News ViewControllers */ = {
			isa = PBXGroup;
			children = (
				57399A041C16E39F00A85D5F /* NewsFeedViewController.h */,
				57399A051C16E39F00A85D5F /* NewsFeedViewController.m */,
				57399A111C17480400A85D5F /* AddNewsViewController.h */,
				57399A121C17480400A85D5F /* AddNewsViewController.m */,
				576F41301C19265C00477D49 /* WebArticleViewController.h */,
				576F41311C19265C00477D49 /* WebArticleViewController.m */,
			);
			name = "News ViewControllers";
			sourceTree = "<group>";
		};
		57E24B5F1C1E4D550094E105 /* Ritual ViewControllers */ = {
			isa = PBXGroup;
			children = (
				57BAE9E91C043E8400DE8AE0 /* DailyRitualViewController.h */,
				57BAE9EA1C043E8400DE8AE0 /* DailyRitualViewController.m */,
				E190CD8D1C66638C00639992 /* ProfileViewController.h */,
				E190CD8E1C66638C00639992 /* ProfileViewController.m */,
			);
			name = "Ritual ViewControllers";
			sourceTree = "<group>";
		};
		57E24B601C1E4D700094E105 /* Search ViewControllers */ = {
			isa = PBXGroup;
			children = (
				57399A071C16E3D000A85D5F /* SearchViewController.h */,
				57399A081C16E3D000A85D5F /* SearchViewController.m */,
			);
			name = "Search ViewControllers";
			sourceTree = "<group>";
		};
		57E24B611C1E4D820094E105 /* Settings ViewControllers */ = {
			isa = PBXGroup;
			children = (
				57399A0A1C16E3FA00A85D5F /* SettingsViewController.h */,
				57399A0B1C16E3FA00A85D5F /* SettingsViewController.m */,
				57E24B641C1E4F8A0094E105 /* PrivacyViewController.h */,
				57E24B651C1E4F8A0094E105 /* PrivacyViewController.m */,
				57E24B671C1E4FA90094E105 /* EditProfileViewController.h */,
				57E24B681C1E4FA90094E105 /* EditProfileViewController.m */,
			);
			name = "Settings ViewControllers";
			sourceTree = "<group>";
		};
		57E24B621C1E4DC90094E105 /* Storyboard & Images */ = {
			isa = PBXGroup;
			children = (
				57399A141C17576400A85D5F /* Images */,
				57BAE9EC1C043E8400DE8AE0 /* Main.storyboard */,
				57BAE9EF1C043E8500DE8AE0 /* Images.xcassets */,
				57BAE9F11C043E8500DE8AE0 /* LaunchScreen.xib */,
			);
			name = "Storyboard & Images";
			sourceTree = "<group>";
		};
		57E24B631C1E4DE40094E105 /* App Delegate */ = {
			isa = PBXGroup;
			children = (
				57BAE9E61C043E8400DE8AE0 /* AppDelegate.h */,
				57BAE9E71C043E8400DE8AE0 /* AppDelegate.m */,
			);
			name = "App Delegate";
			sourceTree = "<group>";
		};
		776830543BAEF27572941690 /* Pods */ = {
			isa = PBXGroup;
			children = (
				9336555E0D760AA1D309F0F7 /* Pods-ProjectRelay.debug.xcconfig */,
				5375BC00E77A48DDD5D6BD03 /* Pods-ProjectRelay.release.xcconfig */,
			);
			name = Pods;
			sourceTree = "<group>";
		};
		C674A9F5D8054E575EEF7FBF /* Frameworks */ = {
			isa = PBXGroup;
			children = (
				574ACF971C3DA9EF00D4F6CF /* QuartzCore.framework */,
				B28A2C3799CA9495E27A8C5B /* libPods-ProjectRelay.a */,
			);
			name = Frameworks;
			sourceTree = "<group>";
		};
/* End PBXGroup section */

/* Begin PBXNativeTarget section */
		57BAE9DE1C043E8300DE8AE0 /* ProjectRelay */ = {
			isa = PBXNativeTarget;
			buildConfigurationList = 57BAEA021C043E8500DE8AE0 /* Build configuration list for PBXNativeTarget "ProjectRelay" */;
			buildPhases = (
				8D57A43553B241CB4A9B6155 /* Check Pods Manifest.lock */,
				57BAE9DB1C043E8300DE8AE0 /* Sources */,
				57BAE9DC1C043E8300DE8AE0 /* Frameworks */,
				57BAE9DD1C043E8300DE8AE0 /* Resources */,
				E520D9B4A95513F814DA09D7 /* Embed Pods Frameworks */,
				A5C1D7A0BA4703EDCD79F160 /* Copy Pods Resources */,
			);
			buildRules = (
			);
			dependencies = (
			);
			name = ProjectRelay;
			productName = ProjectRelay;
			productReference = 57BAE9DF1C043E8400DE8AE0 /* ProjectRelay.app */;
			productType = "com.apple.product-type.application";
		};
		57BAE9F71C043E8500DE8AE0 /* ProjectRelayTests */ = {
			isa = PBXNativeTarget;
			buildConfigurationList = 57BAEA051C043E8500DE8AE0 /* Build configuration list for PBXNativeTarget "ProjectRelayTests" */;
			buildPhases = (
				57BAE9F41C043E8500DE8AE0 /* Sources */,
				57BAE9F51C043E8500DE8AE0 /* Frameworks */,
				57BAE9F61C043E8500DE8AE0 /* Resources */,
			);
			buildRules = (
			);
			dependencies = (
				57BAE9FA1C043E8500DE8AE0 /* PBXTargetDependency */,
			);
			name = ProjectRelayTests;
			productName = ProjectRelayTests;
			productReference = 57BAE9F81C043E8500DE8AE0 /* ProjectRelayTests.xctest */;
			productType = "com.apple.product-type.bundle.unit-test";
		};
/* End PBXNativeTarget section */

/* Begin PBXProject section */
		57BAE9D71C043E8200DE8AE0 /* Project object */ = {
			isa = PBXProject;
			attributes = {
				LastUpgradeCheck = 0710;
				ORGANIZATIONNAME = "Irwin Gonzales";
				TargetAttributes = {
					57BAE9DE1C043E8300DE8AE0 = {
						CreatedOnToolsVersion = 6.4;
					};
					57BAE9F71C043E8500DE8AE0 = {
						CreatedOnToolsVersion = 6.4;
						TestTargetID = 57BAE9DE1C043E8300DE8AE0;
					};
				};
			};
			buildConfigurationList = 57BAE9DA1C043E8300DE8AE0 /* Build configuration list for PBXProject "ProjectRelay" */;
			compatibilityVersion = "Xcode 3.2";
			developmentRegion = English;
			hasScannedForEncodings = 0;
			knownRegions = (
				en,
				Base,
			);
			mainGroup = 57BAE9D61C043E8200DE8AE0;
			productRefGroup = 57BAE9E01C043E8400DE8AE0 /* Products */;
			projectDirPath = "";
			projectRoot = "";
			targets = (
				57BAE9DE1C043E8300DE8AE0 /* ProjectRelay */,
				57BAE9F71C043E8500DE8AE0 /* ProjectRelayTests */,
			);
		};
/* End PBXProject section */

/* Begin PBXResourcesBuildPhase section */
		57BAE9DD1C043E8300DE8AE0 /* Resources */ = {
			isa = PBXResourcesBuildPhase;
			buildActionMask = 2147483647;
			files = (
				57399A351C17582D00A85D5F /* tab2Line.png in Resources */,
				57399A461C17582D00A85D5F /* tab6Line@2x.png in Resources */,
				57399A391C17582D00A85D5F /* tab3Line.png in Resources */,
				57399A3D1C17582D00A85D5F /* tab4Line.png in Resources */,
				57399A321C17582D00A85D5F /* tab1Line@2x.png in Resources */,
				57399A451C17582D00A85D5F /* tab6Line.png in Resources */,
				57399A481C17582D00A85D5F /* tab6Solid@2x.png in Resources */,
				57BAE9EE1C043E8400DE8AE0 /* Main.storyboard in Resources */,
				57BAE9F31C043E8500DE8AE0 /* LaunchScreen.xib in Resources */,
				57399A4B1C17582D00A85D5F /* tab7Solid.png in Resources */,
				57399A491C17582D00A85D5F /* tab7Line.png in Resources */,
				57399A3F1C17582D00A85D5F /* tab4Solid.png in Resources */,
				57399A411C17582D00A85D5F /* tab5Line.png in Resources */,
				57399A371C17582D00A85D5F /* tab2Solid.png in Resources */,
				57399A331C17582D00A85D5F /* tab1Solid.png in Resources */,
				57399A3C1C17582D00A85D5F /* tab3Solid@2x.png in Resources */,
				57399A341C17582D00A85D5F /* tab1Solid@2x.png in Resources */,
				57399A361C17582D00A85D5F /* tab2Line@2x.png in Resources */,
				57399A3E1C17582D00A85D5F /* tab4Line@2x.png in Resources */,
				57399A4E1C17965700A85D5F /* Settings 3 Filled-25.png in Resources */,
				57399A4C1C17582D00A85D5F /* tab7Solid@2x.png in Resources */,
				57BAE9F01C043E8500DE8AE0 /* Images.xcassets in Resources */,
				57399A421C17582D00A85D5F /* tab5Line@2x.png in Resources */,
				57399A3A1C17582D00A85D5F /* tab3Line@2x.png in Resources */,
				57399A431C17582D00A85D5F /* tab5Solid.png in Resources */,
				57399A3B1C17582D00A85D5F /* tab3Solid.png in Resources */,
				57399A381C17582D00A85D5F /* tab2Solid@2x.png in Resources */,
				57399A4A1C17582D00A85D5F /* tab7Line@2x.png in Resources */,
				57399A471C17582D00A85D5F /* tab6Solid.png in Resources */,
				57399A311C17582D00A85D5F /* tab1Line.png in Resources */,
				57399A401C17582D00A85D5F /* tab4Solid@2x.png in Resources */,
				57399A441C17582D00A85D5F /* tab5Solid@2x.png in Resources */,
			);
			runOnlyForDeploymentPostprocessing = 0;
		};
		57BAE9F61C043E8500DE8AE0 /* Resources */ = {
			isa = PBXResourcesBuildPhase;
			buildActionMask = 2147483647;
			files = (
			);
			runOnlyForDeploymentPostprocessing = 0;
		};
/* End PBXResourcesBuildPhase section */

/* Begin PBXShellScriptBuildPhase section */
		8D57A43553B241CB4A9B6155 /* Check Pods Manifest.lock */ = {
			isa = PBXShellScriptBuildPhase;
			buildActionMask = 2147483647;
			files = (
			);
			inputPaths = (
			);
			name = "Check Pods Manifest.lock";
			outputPaths = (
			);
			runOnlyForDeploymentPostprocessing = 0;
			shellPath = /bin/sh;
			shellScript = "diff \"${PODS_ROOT}/../Podfile.lock\" \"${PODS_ROOT}/Manifest.lock\" > /dev/null\nif [[ $? != 0 ]] ; then\n    cat << EOM\nerror: The sandbox is not in sync with the Podfile.lock. Run 'pod install' or update your CocoaPods installation.\nEOM\n    exit 1\nfi\n";
			showEnvVarsInLog = 0;
		};
		A5C1D7A0BA4703EDCD79F160 /* Copy Pods Resources */ = {
			isa = PBXShellScriptBuildPhase;
			buildActionMask = 2147483647;
			files = (
			);
			inputPaths = (
			);
			name = "Copy Pods Resources";
			outputPaths = (
			);
			runOnlyForDeploymentPostprocessing = 0;
			shellPath = /bin/sh;
			shellScript = "\"${SRCROOT}/Pods/Target Support Files/Pods-ProjectRelay/Pods-ProjectRelay-resources.sh\"\n";
			showEnvVarsInLog = 0;
		};
		E520D9B4A95513F814DA09D7 /* Embed Pods Frameworks */ = {
			isa = PBXShellScriptBuildPhase;
			buildActionMask = 2147483647;
			files = (
			);
			inputPaths = (
			);
			name = "Embed Pods Frameworks";
			outputPaths = (
			);
			runOnlyForDeploymentPostprocessing = 0;
			shellPath = /bin/sh;
			shellScript = "\"${SRCROOT}/Pods/Target Support Files/Pods-ProjectRelay/Pods-ProjectRelay-frameworks.sh\"\n";
			showEnvVarsInLog = 0;
		};
/* End PBXShellScriptBuildPhase section */

/* Begin PBXSourcesBuildPhase section */
		57BAE9DB1C043E8300DE8AE0 /* Sources */ = {
			isa = PBXSourcesBuildPhase;
			buildActionMask = 2147483647;
			files = (
				57BAE9EB1C043E8400DE8AE0 /* DailyRitualViewController.m in Sources */,
				E141FD871C7C125600DF1498 /* tabBarController.m in Sources */,
				576F41491C19462000477D49 /* Article.m in Sources */,
				57399A031C16CFAA00A85D5F /* RootNavigationController.m in Sources */,
				57BAE9E81C043E8400DE8AE0 /* AppDelegate.m in Sources */,
				57E24B661C1E4F8A0094E105 /* PrivacyViewController.m in Sources */,
				57087EFE1C59697300FA3ADC /* kColorConstants.m in Sources */,
				57F13AAC1C3866D000A7B5A8 /* InitalViewController.m in Sources */,
				5794A4F01C2F95B4007CB04A /* ArticleTableViewCell.m in Sources */,
				E190CD8F1C66638C00639992 /* ProfileViewController.m in Sources */,
				57399A061C16E39F00A85D5F /* NewsFeedViewController.m in Sources */,
				576F41351C19401700477D49 /* SignupViewController.m in Sources */,
				576F41321C19265D00477D49 /* WebArticleViewController.m in Sources */,
				57399A091C16E3D000A85D5F /* SearchViewController.m in Sources */,
				570293581C8F21BE00589D30 /* UIAssets.m in Sources */,
				576F414C1C19478A00477D49 /* User.m in Sources */,
				57BAE9E51C043E8400DE8AE0 /* main.m in Sources */,
				57399A0C1C16E3FA00A85D5F /* SettingsViewController.m in Sources */,
				576F41381C19404000477D49 /* LoginViewController.m in Sources */,
				57E24B691C1E4FA90094E105 /* EditProfileViewController.m in Sources */,
				57E941081C47487700612F43 /* CommentCell.m in Sources */,
				576F413D1C19414C00477D49 /* BackendFunctions.m in Sources */,
				57399A131C17480400A85D5F /* AddNewsViewController.m in Sources */,
				576F414F1C198F5A00477D49 /* MaybeMethods.m in Sources */,
			);
			runOnlyForDeploymentPostprocessing = 0;
		};
		57BAE9F41C043E8500DE8AE0 /* Sources */ = {
			isa = PBXSourcesBuildPhase;
			buildActionMask = 2147483647;
			files = (
				57BAE9FF1C043E8500DE8AE0 /* ProjectRelayTests.m in Sources */,
			);
			runOnlyForDeploymentPostprocessing = 0;
		};
/* End PBXSourcesBuildPhase section */

/* Begin PBXTargetDependency section */
		57BAE9FA1C043E8500DE8AE0 /* PBXTargetDependency */ = {
			isa = PBXTargetDependency;
			target = 57BAE9DE1C043E8300DE8AE0 /* ProjectRelay */;
			targetProxy = 57BAE9F91C043E8500DE8AE0 /* PBXContainerItemProxy */;
		};
/* End PBXTargetDependency section */

/* Begin PBXVariantGroup section */
		57BAE9EC1C043E8400DE8AE0 /* Main.storyboard */ = {
			isa = PBXVariantGroup;
			children = (
				57BAE9ED1C043E8400DE8AE0 /* Base */,
			);
			name = Main.storyboard;
			sourceTree = "<group>";
		};
		57BAE9F11C043E8500DE8AE0 /* LaunchScreen.xib */ = {
			isa = PBXVariantGroup;
			children = (
				57BAE9F21C043E8500DE8AE0 /* Base */,
			);
			name = LaunchScreen.xib;
			sourceTree = "<group>";
		};
/* End PBXVariantGroup section */

/* Begin XCBuildConfiguration section */
		57BAEA001C043E8500DE8AE0 /* Debug */ = {
			isa = XCBuildConfiguration;
			buildSettings = {
				ALWAYS_SEARCH_USER_PATHS = NO;
				CLANG_CXX_LANGUAGE_STANDARD = "gnu++0x";
				CLANG_CXX_LIBRARY = "libc++";
				CLANG_ENABLE_MODULES = YES;
				CLANG_ENABLE_OBJC_ARC = YES;
				CLANG_WARN_BOOL_CONVERSION = YES;
				CLANG_WARN_CONSTANT_CONVERSION = YES;
				CLANG_WARN_DIRECT_OBJC_ISA_USAGE = YES_ERROR;
				CLANG_WARN_EMPTY_BODY = YES;
				CLANG_WARN_ENUM_CONVERSION = YES;
				CLANG_WARN_INT_CONVERSION = YES;
				CLANG_WARN_OBJC_ROOT_CLASS = YES_ERROR;
				CLANG_WARN_UNREACHABLE_CODE = YES;
				CLANG_WARN__DUPLICATE_METHOD_MATCH = YES;
				"CODE_SIGN_IDENTITY[sdk=iphoneos*]" = "iPhone Developer";
				COPY_PHASE_STRIP = NO;
				DEBUG_INFORMATION_FORMAT = "dwarf-with-dsym";
				ENABLE_STRICT_OBJC_MSGSEND = YES;
				ENABLE_TESTABILITY = YES;
				GCC_C_LANGUAGE_STANDARD = gnu99;
				GCC_DYNAMIC_NO_PIC = NO;
				GCC_NO_COMMON_BLOCKS = YES;
				GCC_OPTIMIZATION_LEVEL = 0;
				GCC_PREPROCESSOR_DEFINITIONS = (
					"DEBUG=1",
					"$(inherited)",
				);
				GCC_SYMBOLS_PRIVATE_EXTERN = NO;
				GCC_WARN_64_TO_32_BIT_CONVERSION = YES;
				GCC_WARN_ABOUT_RETURN_TYPE = YES_ERROR;
				GCC_WARN_UNDECLARED_SELECTOR = YES;
				GCC_WARN_UNINITIALIZED_AUTOS = YES_AGGRESSIVE;
				GCC_WARN_UNUSED_FUNCTION = YES;
				GCC_WARN_UNUSED_VARIABLE = YES;
				IPHONEOS_DEPLOYMENT_TARGET = 8.4;
				MTL_ENABLE_DEBUG_INFO = YES;
				ONLY_ACTIVE_ARCH = YES;
				SDKROOT = iphoneos;
			};
			name = Debug;
		};
		57BAEA011C043E8500DE8AE0 /* Release */ = {
			isa = XCBuildConfiguration;
			buildSettings = {
				ALWAYS_SEARCH_USER_PATHS = NO;
				CLANG_CXX_LANGUAGE_STANDARD = "gnu++0x";
				CLANG_CXX_LIBRARY = "libc++";
				CLANG_ENABLE_MODULES = YES;
				CLANG_ENABLE_OBJC_ARC = YES;
				CLANG_WARN_BOOL_CONVERSION = YES;
				CLANG_WARN_CONSTANT_CONVERSION = YES;
				CLANG_WARN_DIRECT_OBJC_ISA_USAGE = YES_ERROR;
				CLANG_WARN_EMPTY_BODY = YES;
				CLANG_WARN_ENUM_CONVERSION = YES;
				CLANG_WARN_INT_CONVERSION = YES;
				CLANG_WARN_OBJC_ROOT_CLASS = YES_ERROR;
				CLANG_WARN_UNREACHABLE_CODE = YES;
				CLANG_WARN__DUPLICATE_METHOD_MATCH = YES;
				"CODE_SIGN_IDENTITY[sdk=iphoneos*]" = "iPhone Developer";
				COPY_PHASE_STRIP = NO;
				DEBUG_INFORMATION_FORMAT = "dwarf-with-dsym";
				ENABLE_NS_ASSERTIONS = NO;
				ENABLE_STRICT_OBJC_MSGSEND = YES;
				GCC_C_LANGUAGE_STANDARD = gnu99;
				GCC_NO_COMMON_BLOCKS = YES;
				GCC_WARN_64_TO_32_BIT_CONVERSION = YES;
				GCC_WARN_ABOUT_RETURN_TYPE = YES_ERROR;
				GCC_WARN_UNDECLARED_SELECTOR = YES;
				GCC_WARN_UNINITIALIZED_AUTOS = YES_AGGRESSIVE;
				GCC_WARN_UNUSED_FUNCTION = YES;
				GCC_WARN_UNUSED_VARIABLE = YES;
				IPHONEOS_DEPLOYMENT_TARGET = 8.4;
				MTL_ENABLE_DEBUG_INFO = NO;
				SDKROOT = iphoneos;
				VALIDATE_PRODUCT = YES;
			};
			name = Release;
		};
		57BAEA031C043E8500DE8AE0 /* Debug */ = {
			isa = XCBuildConfiguration;
			baseConfigurationReference = 9336555E0D760AA1D309F0F7 /* Pods-ProjectRelay.debug.xcconfig */;
			buildSettings = {
				ASSETCATALOG_COMPILER_APPICON_NAME = AppIcon;
				CODE_SIGN_IDENTITY = "iPhone Developer";
				INFOPLIST_FILE = ProjectRelay/Info.plist;
				LD_RUNPATH_SEARCH_PATHS = "$(inherited) @executable_path/Frameworks";
				PRODUCT_BUNDLE_IDENTIFIER = "com.madeupbypeople.$(PRODUCT_NAME:rfc1034identifier)";
				PRODUCT_NAME = "$(TARGET_NAME)";
			};
			name = Debug;
		};
		57BAEA041C043E8500DE8AE0 /* Release */ = {
			isa = XCBuildConfiguration;
			baseConfigurationReference = 5375BC00E77A48DDD5D6BD03 /* Pods-ProjectRelay.release.xcconfig */;
			buildSettings = {
				ASSETCATALOG_COMPILER_APPICON_NAME = AppIcon;
				CODE_SIGN_IDENTITY = "iPhone Developer";
				INFOPLIST_FILE = ProjectRelay/Info.plist;
				LD_RUNPATH_SEARCH_PATHS = "$(inherited) @executable_path/Frameworks";
				PRODUCT_BUNDLE_IDENTIFIER = "com.madeupbypeople.$(PRODUCT_NAME:rfc1034identifier)";
				PRODUCT_NAME = "$(TARGET_NAME)";
			};
			name = Release;
		};
		57BAEA061C043E8500DE8AE0 /* Debug */ = {
			isa = XCBuildConfiguration;
			buildSettings = {
				BUNDLE_LOADER = "$(TEST_HOST)";
				FRAMEWORK_SEARCH_PATHS = (
					"$(SDKROOT)/Developer/Library/Frameworks",
					"$(inherited)",
				);
				GCC_PREPROCESSOR_DEFINITIONS = (
					"DEBUG=1",
					"$(inherited)",
				);
				INFOPLIST_FILE = ProjectRelayTests/Info.plist;
				LD_RUNPATH_SEARCH_PATHS = "$(inherited) @executable_path/Frameworks @loader_path/Frameworks";
				PRODUCT_BUNDLE_IDENTIFIER = "com.madeupbypeople.$(PRODUCT_NAME:rfc1034identifier)";
				PRODUCT_NAME = "$(TARGET_NAME)";
				TEST_HOST = "$(BUILT_PRODUCTS_DIR)/ProjectRelay.app/ProjectRelay";
			};
			name = Debug;
		};
		57BAEA071C043E8500DE8AE0 /* Release */ = {
			isa = XCBuildConfiguration;
			buildSettings = {
				BUNDLE_LOADER = "$(TEST_HOST)";
				FRAMEWORK_SEARCH_PATHS = (
					"$(SDKROOT)/Developer/Library/Frameworks",
					"$(inherited)",
				);
				INFOPLIST_FILE = ProjectRelayTests/Info.plist;
				LD_RUNPATH_SEARCH_PATHS = "$(inherited) @executable_path/Frameworks @loader_path/Frameworks";
				PRODUCT_BUNDLE_IDENTIFIER = "com.madeupbypeople.$(PRODUCT_NAME:rfc1034identifier)";
				PRODUCT_NAME = "$(TARGET_NAME)";
				TEST_HOST = "$(BUILT_PRODUCTS_DIR)/ProjectRelay.app/ProjectRelay";
			};
			name = Release;
		};
/* End XCBuildConfiguration section */

/* Begin XCConfigurationList section */
		57BAE9DA1C043E8300DE8AE0 /* Build configuration list for PBXProject "ProjectRelay" */ = {
			isa = XCConfigurationList;
			buildConfigurations = (
				57BAEA001C043E8500DE8AE0 /* Debug */,
				57BAEA011C043E8500DE8AE0 /* Release */,
			);
			defaultConfigurationIsVisible = 0;
			defaultConfigurationName = Release;
		};
		57BAEA021C043E8500DE8AE0 /* Build configuration list for PBXNativeTarget "ProjectRelay" */ = {
			isa = XCConfigurationList;
			buildConfigurations = (
				57BAEA031C043E8500DE8AE0 /* Debug */,
				57BAEA041C043E8500DE8AE0 /* Release */,
			);
			defaultConfigurationIsVisible = 0;
			defaultConfigurationName = Release;
		};
		57BAEA051C043E8500DE8AE0 /* Build configuration list for PBXNativeTarget "ProjectRelayTests" */ = {
			isa = XCConfigurationList;
			buildConfigurations = (
				57BAEA061C043E8500DE8AE0 /* Debug */,
				57BAEA071C043E8500DE8AE0 /* Release */,
			);
			defaultConfigurationIsVisible = 0;
			defaultConfigurationName = Release;
		};
/* End XCConfigurationList section */
	};
	rootObject = 57BAE9D71C043E8200DE8AE0 /* Project object */;
}
